
Microsoft Visual Studio Solution File, Format Version 12.00
# Visual Studio 2013
VisualStudioVersion = 12.0.21005.1
MinimumVisualStudioVersion = 10.0.40219.1
Project("{FAE04EC0-301F-11D3-BF4B-00C04F79EFBC}") = "COBISCorp.tCOBIS.CTA.SharedLibrary.Installer", "COBISCorp.tCOBIS.CTA.SharedLibrary.Installer\COBISCorp.tCOBIS.CTA.SharedLibrary.Installer.csproj", "{126D0638-2439-4530-A643-1F0441D07B11}"
	ProjectSection(ProjectDependencies) = postProject
		{9056429E-6CED-463B-9EE0-66CC11ED54E5} = {9056429E-6CED-463B-9EE0-66CC11ED54E5}
	EndProjectSection
EndProject
Project("{F184B08F-C81C-45F6-A57F-5ABD9991F28F}") = "COBISCorp.tCOBIS.CTA.SharedLibrary", "..\..\FrontEndCEN\COBISCorp.tCOBIS.CTA.SharedLibrary\COBISCorp.tCOBIS.CTA.SharedLibrary.vbproj", "{9056429E-6CED-463B-9EE0-66CC11ED54E5}"
EndProject
Global
	GlobalSection(TeamFoundationVersionControl) = preSolution
		SccNumberOfProjects = 1
		SccEnterpriseProvider = {4CA58AB2-18FA-4F8D-95D4-32DDF27D184C}
		SccTeamFoundationServer = http://srv01tfs03:8080/tfs/defaultcollection
		SccProjectUniqueName0 = COBISCorp.tCOBIS.CTA.SharedLibrary.Installer\\COBISCorp.tCOBIS.CTA.SharedLibrary.Installer.csproj
		SccProjectName0 = COBISCorp.tCOBIS.CTA.SharedLibrary.Installer
		SccAuxPath0 = http://srv01tfs03:8080/tfs/defaultcollection
		SccLocalPath0 = COBISCorp.tCOBIS.CTA.SharedLibrary.Installer
		SccProvider0 = {4CA58AB2-18FA-4F8D-95D4-32DDF27D184C}
	EndGlobalSection
	GlobalSection(SolutionConfigurationPlatforms) = preSolution
		Debug|Any CPU = Debug|Any CPU
		Release|Any CPU = Release|Any CPU
	EndGlobalSection
	GlobalSection(ProjectConfigurationPlatforms) = postSolution
		{126D0638-2439-4530-A643-1F0441D07B11}.Debug|Any CPU.ActiveCfg = Debug|Any CPU
		{126D0638-2439-4530-A643-1F0441D07B11}.Debug|Any CPU.Build.0 = Debug|Any CPU
		{126D0638-2439-4530-A643-1F0441D07B11}.Release|Any CPU.ActiveCfg = Release|Any CPU
		{126D0638-2439-4530-A643-1F0441D07B11}.Release|Any CPU.Build.0 = Release|Any CPU
		{9056429E-6CED-463B-9EE0-66CC11ED54E5}.Debug|Any CPU.ActiveCfg = Debug|Any CPU
		{9056429E-6CED-463B-9EE0-66CC11ED54E5}.Debug|Any CPU.Build.0 = Debug|Any CPU
		{9056429E-6CED-463B-9EE0-66CC11ED54E5}.Release|Any CPU.ActiveCfg = Release|Any CPU
		{9056429E-6CED-463B-9EE0-66CC11ED54E5}.Release|Any CPU.Build.0 = Release|Any CPU
	EndGlobalSection
	GlobalSection(SolutionProperties) = preSolution
		HideSolutionNode = FALSE
	EndGlobalSection
EndGlobal
