Microsoft Visual Studio Solution File, Format Version 11.00
# Visual Studio 2010
Project("{E24C65DC-7377-472B-9ABA-BC803B73C61A}") = "COBISCorp.eCOBIS.Admin.CtasCteAho.BLI", ".", "{CCE7CCB4-2DD3-4E5D-82FF-516201E7DA86}"
    ProjectSection(WebsiteProperties) = preProject
    TargetFrameworkMoniker = ".NETFramework,Version%3Dv4.0"
    
     ProjectReferences = "{0582EE55-2EB1-4BA3-AD41-C2F5F76FA389}|COBISCorp.eCOBIS.Admin.CtasCteAho.DTO;"
      
    Debug.AspNetCompiler.VirtualPath = "/COBISCorp.eCOBIS.Admin.CtasCteAho.BLI"
    Debug.AspNetCompiler.PhysicalPath = "..\COBISCorp.eCOBIS.Admin.CtasCteAho.BLI"
    Debug.AspNetCompiler.TargetPath = "PrecompiledWeb\COBISCorp.eCOBIS.Admin.CtasCteAho.BLI\"
    Debug.AspNetCompiler.Updateable = "true"
    Debug.AspNetCompiler.ForceOverwrite = "true"
    Debug.AspNetCompiler.FixedNames = "false"
    Debug.AspNetCompiler.Debug = "True"
    Release.AspNetCompiler.VirtualPath = "/COBISCorp.eCOBIS.Admin.CtasCteAho.BLI"
    Release.AspNetCompiler.PhysicalPath = "..\COBISCorp.eCOBIS.Admin.CtasCteAho.BLI"
    Release.AspNetCompiler.TargetPath = "PrecompiledWeb\COBISCorp.eCOBIS.Admin.CtasCteAho.BLI\"
    Release.AspNetCompiler.Updateable = "true"
    Release.AspNetCompiler.ForceOverwrite = "true"
    Release.AspNetCompiler.FixedNames = "false"
    Release.AspNetCompiler.Debug = "False"
    VWDPort = "37000"
    DefaultWebSiteLanguage = "Visual C#"
  EndProjectSection
EndProject
  
Project("{FAE04EC0-301F-11D3-BF4B-00C04F79EFBC") = "COBISCorp.eCOBIS.Admin.CtasCteAho.DTO", "..\COBISCorp.eCOBIS.Admin.CtasCteAho.DTO\COBISCorp.eCOBIS.Admin.CtasCteAho.DTO.csproj", "{0582EE55-2EB1-4BA3-AD41-C2F5F76FA389}"
EndProject
    
Global
  GlobalSection(SolutionConfigurationPlatforms) = preSolution
    Debug|Any CPU = Debug|Any CPU
    Release|Any CPU = Release|Any CPU
  EndGlobalSection
  GlobalSection(ProjectConfigurationPlatforms) = postSolution
    {CCE7CCB4-2DD3-4E5D-82FF-516201E7DA86}.Debug|Any CPU.ActiveCfg = Debug|Any CPU
    {CCE7CCB4-2DD3-4E5D-82FF-516201E7DA86}.Debug|Any CPU.Build.0 = Debug|Any CPU
    {CCE7CCB4-2DD3-4E5D-82FF-516201E7DA86}.Release|Any CPU.ActiveCfg = Debug|Any CPU
    {CCE7CCB4-2DD3-4E5D-82FF-516201E7DA86}.Release|Any CPU.Build.0 = Debug|Any CPU
  
    {0582EE55-2EB1-4BA3-AD41-C2F5F76FA389}.Debug|Any CPU.ActiveCfg = Debug|Any CPU
    {0582EE55-2EB1-4BA3-AD41-C2F5F76FA389}.Debug|Any CPU.Build.0 = Debug|Any CPU
    {0582EE55-2EB1-4BA3-AD41-C2F5F76FA389}.Release|Any CPU.ActiveCfg = Release|Any CPU
    {0582EE55-2EB1-4BA3-AD41-C2F5F76FA389}.Release|Any CPU.Build.0 = Release|Any CPU
        
  EndGlobalSection
  GlobalSection(SolutionProperties) = preSolution
    HideSolutionNode = FALSE
  EndGlobalSection
EndGlobal
  