
Microsoft Visual Studio Solution File, Format Version 12.00
# Visual Studio 2013
VisualStudioVersion = 12.0.21005.1
MinimumVisualStudioVersion = 10.0.40219.1
Project("{FAE04EC0-301F-11D3-BF4B-00C04F79EFBC}") = "COBISCorp.tCOBIS.CON.MXN.Reports.Installer", "CONTA\COBISCorp.tCOBIS.CON.MXN.Reports.Installer.csproj", "{6889DA8C-CC28-4FFE-B92E-BA85081C03FE}"
	ProjectSection(ProjectDependencies) = postProject
		{246C482E-10C8-4A33-AC69-94F61523F4DD} = {246C482E-10C8-4A33-AC69-94F61523F4DD}
		{7248B135-7ACA-4D05-89B4-8193966C7288} = {7248B135-7ACA-4D05-89B4-8193966C7288}
		{5C7BEA78-AB12-4CDD-A442-831DE0356168} = {5C7BEA78-AB12-4CDD-A442-831DE0356168}
		{CFAD8F9B-8C1C-4FB0-912B-94B38AC85531} = {CFAD8F9B-8C1C-4FB0-912B-94B38AC85531}
	EndProjectSection
EndProject
Project("{FAE04EC0-301F-11D3-BF4B-00C04F79EFBC}") = "COBISCorp.tCOBIS.CON.MXN.ToolBar", "..\..\Conta_Reports\COBISCorp.tCOBIS.CON.MXN.ToolBar\COBISCorp.tCOBIS.CON.MXN.ToolBar.csproj", "{5C7BEA78-AB12-4CDD-A442-831DE0356168}"
EndProject
Project("{F184B08F-C81C-45F6-A57F-5ABD9991F28F}") = "COBISCorp.tCOBIS.CON.MXN.SharedLibrary", "..\..\Conta_Reports\COBISCorp.tCOBIS.CON.MXN.SharedLibrary\COBISCorp.tCOBIS.CON.MXN.SharedLibrary.vbproj", "{7248B135-7ACA-4D05-89B4-8193966C7288}"
EndProject
Project("{F184B08F-C81C-45F6-A57F-5ABD9991F28F}") = "COBISCorp.tCOBIS.CON.MXN", "..\..\Conta_Reports\COBISCorp.tCOBIS.CON.MXN\COBISCorp.tCOBIS.CON.MXN.vbproj", "{246C482E-10C8-4A33-AC69-94F61523F4DD}"
EndProject
Project("{F184B08F-C81C-45F6-A57F-5ABD9991F28F}") = "COBISCorp.tCOBIS.CON.MXN.Reports", "..\..\Conta_Reports\COBISCorp.tCOBIS.CON.MXN.Reports\COBISCorp.tCOBIS.CON.MXN.Reports.vbproj", "{CFAD8F9B-8C1C-4FB0-912B-94B38AC85531}"
EndProject
Global
	GlobalSection(SolutionConfigurationPlatforms) = preSolution
		Debug|Any CPU = Debug|Any CPU
		Release|Any CPU = Release|Any CPU
	EndGlobalSection
	GlobalSection(ProjectConfigurationPlatforms) = postSolution
		{6889DA8C-CC28-4FFE-B92E-BA85081C03FE}.Debug|Any CPU.ActiveCfg = Debug|Any CPU
		{6889DA8C-CC28-4FFE-B92E-BA85081C03FE}.Debug|Any CPU.Build.0 = Debug|Any CPU
		{6889DA8C-CC28-4FFE-B92E-BA85081C03FE}.Release|Any CPU.ActiveCfg = Release|Any CPU
		{6889DA8C-CC28-4FFE-B92E-BA85081C03FE}.Release|Any CPU.Build.0 = Release|Any CPU
		{5C7BEA78-AB12-4CDD-A442-831DE0356168}.Debug|Any CPU.ActiveCfg = Debug|Any CPU
		{5C7BEA78-AB12-4CDD-A442-831DE0356168}.Debug|Any CPU.Build.0 = Debug|Any CPU
		{5C7BEA78-AB12-4CDD-A442-831DE0356168}.Release|Any CPU.ActiveCfg = Release|Any CPU
		{5C7BEA78-AB12-4CDD-A442-831DE0356168}.Release|Any CPU.Build.0 = Release|Any CPU
		{7248B135-7ACA-4D05-89B4-8193966C7288}.Debug|Any CPU.ActiveCfg = Debug|Any CPU
		{7248B135-7ACA-4D05-89B4-8193966C7288}.Debug|Any CPU.Build.0 = Debug|Any CPU
		{7248B135-7ACA-4D05-89B4-8193966C7288}.Release|Any CPU.ActiveCfg = Release|Any CPU
		{7248B135-7ACA-4D05-89B4-8193966C7288}.Release|Any CPU.Build.0 = Release|Any CPU
		{246C482E-10C8-4A33-AC69-94F61523F4DD}.Debug|Any CPU.ActiveCfg = Debug|Any CPU
		{246C482E-10C8-4A33-AC69-94F61523F4DD}.Debug|Any CPU.Build.0 = Debug|Any CPU
		{246C482E-10C8-4A33-AC69-94F61523F4DD}.Release|Any CPU.ActiveCfg = Release|Any CPU
		{246C482E-10C8-4A33-AC69-94F61523F4DD}.Release|Any CPU.Build.0 = Release|Any CPU
		{CFAD8F9B-8C1C-4FB0-912B-94B38AC85531}.Debug|Any CPU.ActiveCfg = Debug|Any CPU
		{CFAD8F9B-8C1C-4FB0-912B-94B38AC85531}.Debug|Any CPU.Build.0 = Debug|Any CPU
		{CFAD8F9B-8C1C-4FB0-912B-94B38AC85531}.Release|Any CPU.ActiveCfg = Release|Any CPU
		{CFAD8F9B-8C1C-4FB0-912B-94B38AC85531}.Release|Any CPU.Build.0 = Release|Any CPU
	EndGlobalSection
	GlobalSection(SolutionProperties) = preSolution
		HideSolutionNode = FALSE
	EndGlobalSection
EndGlobal
