
Microsoft Visual Studio Solution File, Format Version 12.00
# Visual Studio 2013
VisualStudioVersion = 12.0.21005.1
MinimumVisualStudioVersion = 10.0.40219.1
Project("{FAE04EC0-301F-11D3-BF4B-00C04F79EFBC}") = "COBISCorp.tCOBIS.CTA.Ahos.BackOfficeProcesses.Installer", "COBISCorp.tCOBIS.CTA.Ahos.BackOfficeProcesses.Installer\COBISCorp.tCOBIS.CTA.Ahos.BackOfficeProcesses.Installer.csproj", "{4E550A3F-024A-48CF-896C-46480A0BEC23}"
	ProjectSection(ProjectDependencies) = postProject
		{24929812-3D0A-4F03-BB64-C9AB7B7A371E} = {24929812-3D0A-4F03-BB64-C9AB7B7A371E}
	EndProjectSection
EndProject
Project("{F184B08F-C81C-45F6-A57F-5ABD9991F28F}") = "COBISCorp.tCOBIS.CTA.Ahos.BackOfficeProcesses", "..\..\FrontEndCEN\COBISCorp.tCOBIS.CTA.Ahos.BackOfficeProcesses\COBISCorp.tCOBIS.CTA.Ahos.BackOfficeProcesses.vbproj", "{24929812-3D0A-4F03-BB64-C9AB7B7A371E}"
EndProject
Global
	GlobalSection(SolutionConfigurationPlatforms) = preSolution
		Debug|Any CPU = Debug|Any CPU
		Release|Any CPU = Release|Any CPU
	EndGlobalSection
	GlobalSection(ProjectConfigurationPlatforms) = postSolution
		{4E550A3F-024A-48CF-896C-46480A0BEC23}.Debug|Any CPU.ActiveCfg = Debug|Any CPU
		{4E550A3F-024A-48CF-896C-46480A0BEC23}.Debug|Any CPU.Build.0 = Debug|Any CPU
		{4E550A3F-024A-48CF-896C-46480A0BEC23}.Release|Any CPU.ActiveCfg = Release|Any CPU
		{4E550A3F-024A-48CF-896C-46480A0BEC23}.Release|Any CPU.Build.0 = Release|Any CPU
		{24929812-3D0A-4F03-BB64-C9AB7B7A371E}.Debug|Any CPU.ActiveCfg = Debug|Any CPU
		{24929812-3D0A-4F03-BB64-C9AB7B7A371E}.Debug|Any CPU.Build.0 = Debug|Any CPU
		{24929812-3D0A-4F03-BB64-C9AB7B7A371E}.Release|Any CPU.ActiveCfg = Release|Any CPU
		{24929812-3D0A-4F03-BB64-C9AB7B7A371E}.Release|Any CPU.Build.0 = Release|Any CPU
	EndGlobalSection
	GlobalSection(SolutionProperties) = preSolution
		HideSolutionNode = FALSE
	EndGlobalSection
EndGlobal
