
Microsoft Visual Studio Solution File, Format Version 12.00
# Visual Studio 2013
VisualStudioVersion = 12.0.21005.1
MinimumVisualStudioVersion = 10.0.40219.1
Project("{FAE04EC0-301F-11D3-BF4B-00C04F79EFBC}") = "COBISCorp.tCOBIS.CTA.Ahos.Correspondents.Installer", "COBISCorp.tCOBIS.CTA.Ahos.Correspondents.Installer\COBISCorp.tCOBIS.CTA.Ahos.Correspondents.Installer.csproj", "{126D0638-2439-4530-A643-1F0441D07B11}"
	ProjectSection(ProjectDependencies) = postProject
		{0501AA8B-E0E6-4D10-87C0-BDDF43962AAA} = {0501AA8B-E0E6-4D10-87C0-BDDF43962AAA}
	EndProjectSection
EndProject
Project("{F184B08F-C81C-45F6-A57F-5ABD9991F28F}") = "COBISCorp.tCOBIS.CTA.Ahos.Correspondents", "..\..\FrontEndCEN\COBISCorp.tCOBIS.CTA.Ahos.Correspondents\COBISCorp.tCOBIS.CTA.Ahos.Correspondents.vbproj", "{0501AA8B-E0E6-4D10-87C0-BDDF43962AAA}"
EndProject
Global
	GlobalSection(TeamFoundationVersionControl) = preSolution
		SccNumberOfProjects = 1
		SccEnterpriseProvider = {4CA58AB2-18FA-4F8D-95D4-32DDF27D184C}
		SccTeamFoundationServer = http://srv01tfs03:8080/tfs/defaultcollection
		SccProjectUniqueName0 = COBISCorp.tCOBIS.CTA.Ahos.Correspondents.Installer\\COBISCorp.tCOBIS.CTA.Ahos.Correspondents.Installer.csproj
		SccProjectName0 = COBISCorp.tCOBIS.CTA.Ahos.Correspondents.Installer
		SccAuxPath0 = http://srv01tfs03:8080/tfs/defaultcollection
		SccLocalPath0 = COBISCorp.tCOBIS.CTA.Ahos.Correspondents.Installer
		SccProvider0 = {4CA58AB2-18FA-4F8D-95D4-32DDF27D184C}
	EndGlobalSection
	GlobalSection(SolutionConfigurationPlatforms) = preSolution
		Debug|Any CPU = Debug|Any CPU
		Release|Any CPU = Release|Any CPU
	EndGlobalSection
	GlobalSection(ProjectConfigurationPlatforms) = postSolution
		{126D0638-2439-4530-A643-1F0441D07B11}.Debug|Any CPU.ActiveCfg = Debug|Any CPU
		{126D0638-2439-4530-A643-1F0441D07B11}.Debug|Any CPU.Build.0 = Debug|Any CPU
		{126D0638-2439-4530-A643-1F0441D07B11}.Release|Any CPU.ActiveCfg = Release|Any CPU
		{126D0638-2439-4530-A643-1F0441D07B11}.Release|Any CPU.Build.0 = Release|Any CPU
		{0501AA8B-E0E6-4D10-87C0-BDDF43962AAA}.Debug|Any CPU.ActiveCfg = Debug|Any CPU
		{0501AA8B-E0E6-4D10-87C0-BDDF43962AAA}.Debug|Any CPU.Build.0 = Debug|Any CPU
		{0501AA8B-E0E6-4D10-87C0-BDDF43962AAA}.Release|Any CPU.ActiveCfg = Release|Any CPU
		{0501AA8B-E0E6-4D10-87C0-BDDF43962AAA}.Release|Any CPU.Build.0 = Release|Any CPU
	EndGlobalSection
	GlobalSection(SolutionProperties) = preSolution
		HideSolutionNode = FALSE
	EndGlobalSection
EndGlobal
