
Microsoft Visual Studio Solution File, Format Version 12.00
# Visual Studio 2013
VisualStudioVersion = 12.0.21005.1
MinimumVisualStudioVersion = 10.0.40219.1
Project("{FAE04EC0-301F-11D3-BF4B-00C04F79EFBC}") = "COBISCorp.tCOBIS.PER.Resources.Installer", "COBISCorp.tCOBIS.PER.Resources.Installer\COBISCorp.tCOBIS.PER.Resources.Installer.csproj", "{8BD3D67E-81B6-4D2C-95EC-150AE6699ACA}"
	ProjectSection(ProjectDependencies) = postProject
		{99485AA5-7E79-48AD-A513-F08439AB68A4} = {99485AA5-7E79-48AD-A513-F08439AB68A4}
	EndProjectSection
EndProject
Project("{F184B08F-C81C-45F6-A57F-5ABD9991F28F}") = "COBISCorp.tCOBIS.PER", "..\..\FrontEndCEN\COBISCorp.tCOBIS.PER\COBISCorp.tCOBIS.PER.vbproj", "{99485AA5-7E79-48AD-A513-F08439AB68A4}"
EndProject
Global
	GlobalSection(SolutionConfigurationPlatforms) = preSolution
		Debug|Any CPU = Debug|Any CPU
		Release|Any CPU = Release|Any CPU
	EndGlobalSection
	GlobalSection(ProjectConfigurationPlatforms) = postSolution
		{8BD3D67E-81B6-4D2C-95EC-150AE6699ACA}.Debug|Any CPU.ActiveCfg = Debug|Any CPU
		{8BD3D67E-81B6-4D2C-95EC-150AE6699ACA}.Debug|Any CPU.Build.0 = Debug|Any CPU
		{8BD3D67E-81B6-4D2C-95EC-150AE6699ACA}.Release|Any CPU.ActiveCfg = Release|Any CPU
		{8BD3D67E-81B6-4D2C-95EC-150AE6699ACA}.Release|Any CPU.Build.0 = Release|Any CPU
		{99485AA5-7E79-48AD-A513-F08439AB68A4}.Debug|Any CPU.ActiveCfg = Debug|Any CPU
		{99485AA5-7E79-48AD-A513-F08439AB68A4}.Debug|Any CPU.Build.0 = Debug|Any CPU
		{99485AA5-7E79-48AD-A513-F08439AB68A4}.Release|Any CPU.ActiveCfg = Release|Any CPU
		{99485AA5-7E79-48AD-A513-F08439AB68A4}.Release|Any CPU.Build.0 = Release|Any CPU
	EndGlobalSection
	GlobalSection(SolutionProperties) = preSolution
		HideSolutionNode = FALSE
	EndGlobalSection
EndGlobal
