
Microsoft Visual Studio Solution File, Format Version 12.00
# Visual Studio 2013
VisualStudioVersion = 12.0.21005.1
MinimumVisualStudioVersion = 10.0.40219.1
Project("{F184B08F-C81C-45F6-A57F-5ABD9991F28F}") = "COBISCorp.tCOBIS.CTA.Ahos.AccountsAdmCatalogs", "..\..\FrontEndCEN\COBISCorp.tCOBIS.CTA.Ahos.AccountsAdmCatalogs\COBISCorp.tCOBIS.CTA.Ahos.AccountsAdmCatalogs.vbproj", "{43C067B8-B326-49DF-A5F7-41B59453D485}"
EndProject
Project("{FAE04EC0-301F-11D3-BF4B-00C04F79EFBC}") = "COBISCorp.tCOBIS.CTA.Ahos.AccountsAdmCatalogs.Installer", "COBISCorp.tCOBIS.CTA.Ahos.AccountsAdmCatalogs.Installer\COBISCorp.tCOBIS.CTA.Ahos.AccountsAdmCatalogs.Installer.csproj", "{0E3023E4-3159-4DF4-99DF-25FA7C420F96}"
	ProjectSection(ProjectDependencies) = postProject
		{43C067B8-B326-49DF-A5F7-41B59453D485} = {43C067B8-B326-49DF-A5F7-41B59453D485}
	EndProjectSection
EndProject
Global
	GlobalSection(SolutionConfigurationPlatforms) = preSolution
		Debug|Any CPU = Debug|Any CPU
		Release|Any CPU = Release|Any CPU
	EndGlobalSection
	GlobalSection(ProjectConfigurationPlatforms) = postSolution
		{43C067B8-B326-49DF-A5F7-41B59453D485}.Debug|Any CPU.ActiveCfg = Debug|Any CPU
		{43C067B8-B326-49DF-A5F7-41B59453D485}.Debug|Any CPU.Build.0 = Debug|Any CPU
		{43C067B8-B326-49DF-A5F7-41B59453D485}.Release|Any CPU.ActiveCfg = Release|Any CPU
		{43C067B8-B326-49DF-A5F7-41B59453D485}.Release|Any CPU.Build.0 = Release|Any CPU
		{0E3023E4-3159-4DF4-99DF-25FA7C420F96}.Debug|Any CPU.ActiveCfg = Debug|Any CPU
		{0E3023E4-3159-4DF4-99DF-25FA7C420F96}.Debug|Any CPU.Build.0 = Debug|Any CPU
		{0E3023E4-3159-4DF4-99DF-25FA7C420F96}.Release|Any CPU.ActiveCfg = Release|Any CPU
		{0E3023E4-3159-4DF4-99DF-25FA7C420F96}.Release|Any CPU.Build.0 = Release|Any CPU
	EndGlobalSection
	GlobalSection(SolutionProperties) = preSolution
		HideSolutionNode = FALSE
	EndGlobalSection
EndGlobal
