
Microsoft Visual Studio Solution File, Format Version 12.00
# Visual Studio 2013
VisualStudioVersion = 12.0.21005.1
MinimumVisualStudioVersion = 10.0.40219.1
Project("{F184B08F-C81C-45F6-A57F-5ABD9991F28F}") = "COBISCorp.tCOBIS.CTA.SharedLibrary", "COBISCorp.tCOBIS.CTA.SharedLibrary\COBISCorp.tCOBIS.CTA.SharedLibrary.vbproj", "{9056429E-6CED-463B-9EE0-66CC11ED54E5}"
	ProjectSection(ProjectDependencies) = postProject
		{4A1F8332-D90D-42CB-8B6B-E398FAFDAEA1} = {4A1F8332-D90D-42CB-8B6B-E398FAFDAEA1}
	EndProjectSection
EndProject
Project("{F184B08F-C81C-45F6-A57F-5ABD9991F28F}") = "COBISCorp.tCOBIS.CTA", "COBISCorp.tCOBIS.CTA\COBISCorp.tCOBIS.CTA.vbproj", "{4A1F8332-D90D-42CB-8B6B-E398FAFDAEA1}"
EndProject
Project("{F184B08F-C81C-45F6-A57F-5ABD9991F28F}") = "COBISCorp.tCOBIS.CTA.Ahos.AccountingAdmAccounts", "COBISCorp.tCOBIS.CTA.Ahos.AccountingAdmAccounts\COBISCorp.tCOBIS.CTA.Ahos.AccountingAdmAccounts.vbproj", "{F69B6A35-F58E-4E2D-BFCD-9A634F3131B6}"
	ProjectSection(ProjectDependencies) = postProject
		{4A1F8332-D90D-42CB-8B6B-E398FAFDAEA1} = {4A1F8332-D90D-42CB-8B6B-E398FAFDAEA1}
		{9056429E-6CED-463B-9EE0-66CC11ED54E5} = {9056429E-6CED-463B-9EE0-66CC11ED54E5}
	EndProjectSection
EndProject
Project("{F184B08F-C81C-45F6-A57F-5ABD9991F28F}") = "COBISCorp.tCOBIS.CTA.Ahos.AccountsAdmCatalogs", "COBISCorp.tCOBIS.CTA.Ahos.AccountsAdmCatalogs\COBISCorp.tCOBIS.CTA.Ahos.AccountsAdmCatalogs.vbproj", "{43C067B8-B326-49DF-A5F7-41B59453D485}"
	ProjectSection(ProjectDependencies) = postProject
		{4A1F8332-D90D-42CB-8B6B-E398FAFDAEA1} = {4A1F8332-D90D-42CB-8B6B-E398FAFDAEA1}
		{9056429E-6CED-463B-9EE0-66CC11ED54E5} = {9056429E-6CED-463B-9EE0-66CC11ED54E5}
	EndProjectSection
EndProject
Project("{F184B08F-C81C-45F6-A57F-5ABD9991F28F}") = "COBISCorp.tCOBIS.CTA.Ahos.Admin", "COBISCorp.tCOBIS.CTA.Ahos.Admin\COBISCorp.tCOBIS.CTA.Ahos.Admin.vbproj", "{8A35305A-6A4F-48BF-B276-8D84A8255366}"
	ProjectSection(ProjectDependencies) = postProject
		{4A1F8332-D90D-42CB-8B6B-E398FAFDAEA1} = {4A1F8332-D90D-42CB-8B6B-E398FAFDAEA1}
		{9056429E-6CED-463B-9EE0-66CC11ED54E5} = {9056429E-6CED-463B-9EE0-66CC11ED54E5}
	EndProjectSection
EndProject
Project("{F184B08F-C81C-45F6-A57F-5ABD9991F28F}") = "COBISCorp.tCOBIS.CTA.Ahos.BackOfficeProcesses", "COBISCorp.tCOBIS.CTA.Ahos.BackOfficeProcesses\COBISCorp.tCOBIS.CTA.Ahos.BackOfficeProcesses.vbproj", "{24929812-3D0A-4F03-BB64-C9AB7B7A371E}"
	ProjectSection(ProjectDependencies) = postProject
		{4A1F8332-D90D-42CB-8B6B-E398FAFDAEA1} = {4A1F8332-D90D-42CB-8B6B-E398FAFDAEA1}
		{2CCA415D-FC64-4D06-80B3-3FF23B0EC108} = {2CCA415D-FC64-4D06-80B3-3FF23B0EC108}
		{9056429E-6CED-463B-9EE0-66CC11ED54E5} = {9056429E-6CED-463B-9EE0-66CC11ED54E5}
		{43C067B8-B326-49DF-A5F7-41B59453D485} = {43C067B8-B326-49DF-A5F7-41B59453D485}
	EndProjectSection
EndProject
Project("{F184B08F-C81C-45F6-A57F-5ABD9991F28F}") = "COBISCorp.tCOBIS.CTA.Ahos.CausalAdmAccounts", "COBISCorp.tCOBIS.CTA.Ahos.CausalAdmAccounts\COBISCorp.tCOBIS.CTA.Ahos.CausalAdmAccounts.vbproj", "{CEA47CD4-2CDE-4268-B3B7-699BBADF1FAC}"
	ProjectSection(ProjectDependencies) = postProject
		{4A1F8332-D90D-42CB-8B6B-E398FAFDAEA1} = {4A1F8332-D90D-42CB-8B6B-E398FAFDAEA1}
	EndProjectSection
EndProject
Project("{F184B08F-C81C-45F6-A57F-5ABD9991F28F}") = "COBISCorp.tCOBIS.CTA.Ahos.Correspondents", "COBISCorp.tCOBIS.CTA.Ahos.Correspondents\COBISCorp.tCOBIS.CTA.Ahos.Correspondents.vbproj", "{0501AA8B-E0E6-4D10-87C0-BDDF43962AAA}"
	ProjectSection(ProjectDependencies) = postProject
		{4A1F8332-D90D-42CB-8B6B-E398FAFDAEA1} = {4A1F8332-D90D-42CB-8B6B-E398FAFDAEA1}
		{9056429E-6CED-463B-9EE0-66CC11ED54E5} = {9056429E-6CED-463B-9EE0-66CC11ED54E5}
	EndProjectSection
EndProject
Project("{F184B08F-C81C-45F6-A57F-5ABD9991F28F}") = "COBISCorp.tCOBIS.CTA.Ahos.CustService", "COBISCorp.tCOBIS.CTA.Ahos.CustService\COBISCorp.tCOBIS.CTA.Ahos.CustService.vbproj", "{87EAF8E9-113C-4C2F-8DBD-B14EB64B4CF8}"
	ProjectSection(ProjectDependencies) = postProject
		{24929812-3D0A-4F03-BB64-C9AB7B7A371E} = {24929812-3D0A-4F03-BB64-C9AB7B7A371E}
		{4A1F8332-D90D-42CB-8B6B-E398FAFDAEA1} = {4A1F8332-D90D-42CB-8B6B-E398FAFDAEA1}
		{2CCA415D-FC64-4D06-80B3-3FF23B0EC108} = {2CCA415D-FC64-4D06-80B3-3FF23B0EC108}
		{0501AA8B-E0E6-4D10-87C0-BDDF43962AAA} = {0501AA8B-E0E6-4D10-87C0-BDDF43962AAA}
		{9056429E-6CED-463B-9EE0-66CC11ED54E5} = {9056429E-6CED-463B-9EE0-66CC11ED54E5}
		{FD19CCA6-0FD2-4788-B3B0-FFBC7981E881} = {FD19CCA6-0FD2-4788-B3B0-FFBC7981E881}
		{43C067B8-B326-49DF-A5F7-41B59453D485} = {43C067B8-B326-49DF-A5F7-41B59453D485}
		{D8528BF5-5DD7-414C-ABD6-CB378CDE54B8} = {D8528BF5-5DD7-414C-ABD6-CB378CDE54B8}
	EndProjectSection
EndProject
Project("{F184B08F-C81C-45F6-A57F-5ABD9991F28F}") = "COBISCorp.tCOBIS.CTA.Ahos.ExchangeAdmCenters", "COBISCorp.tCOBIS.CTA.Ahos.ExchangeAdmCenters\COBISCorp.tCOBIS.CTA.Ahos.ExchangeAdmCenters.vbproj", "{6BE4DC05-3459-42C0-A0FE-FA1717EAA0DC}"
	ProjectSection(ProjectDependencies) = postProject
		{4A1F8332-D90D-42CB-8B6B-E398FAFDAEA1} = {4A1F8332-D90D-42CB-8B6B-E398FAFDAEA1}
		{9056429E-6CED-463B-9EE0-66CC11ED54E5} = {9056429E-6CED-463B-9EE0-66CC11ED54E5}
	EndProjectSection
EndProject
Project("{F184B08F-C81C-45F6-A57F-5ABD9991F28F}") = "COBISCorp.tCOBIS.CTA.Ahos.Query", "COBISCorp.tCOBIS.CTA.Ahos.Query\COBISCorp.tCOBIS.CTA.Ahos.Query.vbproj", "{2CCA415D-FC64-4D06-80B3-3FF23B0EC108}"
	ProjectSection(ProjectDependencies) = postProject
		{4A1F8332-D90D-42CB-8B6B-E398FAFDAEA1} = {4A1F8332-D90D-42CB-8B6B-E398FAFDAEA1}
		{9056429E-6CED-463B-9EE0-66CC11ED54E5} = {9056429E-6CED-463B-9EE0-66CC11ED54E5}
		{43C067B8-B326-49DF-A5F7-41B59453D485} = {43C067B8-B326-49DF-A5F7-41B59453D485}
		{F7F158BD-2C39-47EB-92C9-3BB07D86D102} = {F7F158BD-2C39-47EB-92C9-3BB07D86D102}
	EndProjectSection
EndProject
Project("{F184B08F-C81C-45F6-A57F-5ABD9991F28F}") = "COBISCorp.tCOBIS.CTA.Ahos.QueryBackOffice", "COBISCorp.tCOBIS.CTA.Ahos.QueryBackOffice\COBISCorp.tCOBIS.CTA.Ahos.QueryBackOffice.vbproj", "{F7F158BD-2C39-47EB-92C9-3BB07D86D102}"
	ProjectSection(ProjectDependencies) = postProject
		{4A1F8332-D90D-42CB-8B6B-E398FAFDAEA1} = {4A1F8332-D90D-42CB-8B6B-E398FAFDAEA1}
		{9056429E-6CED-463B-9EE0-66CC11ED54E5} = {9056429E-6CED-463B-9EE0-66CC11ED54E5}
	EndProjectSection
EndProject
Project("{F184B08F-C81C-45F6-A57F-5ABD9991F28F}") = "COBISCorp.tCOBIS.CTA.Ahos.QueryBalances", "COBISCorp.tCOBIS.CTA.Ahos.QueryBalances\COBISCorp.tCOBIS.CTA.Ahos.QueryBalances.vbproj", "{D8528BF5-5DD7-414C-ABD6-CB378CDE54B8}"
	ProjectSection(ProjectDependencies) = postProject
		{4A1F8332-D90D-42CB-8B6B-E398FAFDAEA1} = {4A1F8332-D90D-42CB-8B6B-E398FAFDAEA1}
		{2CCA415D-FC64-4D06-80B3-3FF23B0EC108} = {2CCA415D-FC64-4D06-80B3-3FF23B0EC108}
		{9056429E-6CED-463B-9EE0-66CC11ED54E5} = {9056429E-6CED-463B-9EE0-66CC11ED54E5}
		{43C067B8-B326-49DF-A5F7-41B59453D485} = {43C067B8-B326-49DF-A5F7-41B59453D485}
	EndProjectSection
EndProject
Project("{F184B08F-C81C-45F6-A57F-5ABD9991F28F}") = "COBISCorp.tCOBIS.CTA.Ahos.QueryMovements", "COBISCorp.tCOBIS.CTA.Ahos.QueryMovements\COBISCorp.tCOBIS.CTA.Ahos.QueryMovements.vbproj", "{FD19CCA6-0FD2-4788-B3B0-FFBC7981E881}"
	ProjectSection(ProjectDependencies) = postProject
		{4A1F8332-D90D-42CB-8B6B-E398FAFDAEA1} = {4A1F8332-D90D-42CB-8B6B-E398FAFDAEA1}
		{9056429E-6CED-463B-9EE0-66CC11ED54E5} = {9056429E-6CED-463B-9EE0-66CC11ED54E5}
		{43C067B8-B326-49DF-A5F7-41B59453D485} = {43C067B8-B326-49DF-A5F7-41B59453D485}
	EndProjectSection
EndProject
Project("{F184B08F-C81C-45F6-A57F-5ABD9991F28F}") = "COBISCorp.tCOBIS.CTA.Ahos.RemittanceProcess", "COBISCorp.tCOBIS.CTA.Ahos.RemittanceProcess\COBISCorp.tCOBIS.CTA.Ahos.RemittanceProcess.vbproj", "{845D9888-6060-466D-A2F0-F7E0D4592752}"
	ProjectSection(ProjectDependencies) = postProject
		{4A1F8332-D90D-42CB-8B6B-E398FAFDAEA1} = {4A1F8332-D90D-42CB-8B6B-E398FAFDAEA1}
		{9056429E-6CED-463B-9EE0-66CC11ED54E5} = {9056429E-6CED-463B-9EE0-66CC11ED54E5}
	EndProjectSection
EndProject
Project("{F184B08F-C81C-45F6-A57F-5ABD9991F28F}") = "COBISCorp.tCOBIS.CTA.Ctes.Chamber", "COBISCorp.tCOBIS.CTA.Ctes.Chamber\COBISCorp.tCOBIS.CTA.Ctes.Chamber.vbproj", "{16EBEC85-320F-4ADB-B6A3-69E7D5BC5A26}"
EndProject
Global
	GlobalSection(TeamFoundationVersionControl) = preSolution
		SccNumberOfProjects = 1
		SccEnterpriseProvider = {4CA58AB2-18FA-4F8D-95D4-32DDF27D184C}
		SccTeamFoundationServer = http://192.168.64.202:8080/tfs/defaultcollection
		SccProjectUniqueName0 = COBISCorp.tCOBIS.CTA\\COBISCorp.tCOBIS.CTA.vbproj
		SccProjectName0 = COBISCorp.tCOBIS.CTA
		SccAuxPath0 = http://192.168.64.202:8080/tfs/defaultcollection
		SccLocalPath0 = COBISCorp.tCOBIS.CTA
		SccProvider0 = {4CA58AB2-18FA-4F8D-95D4-32DDF27D184C}
	EndGlobalSection
	GlobalSection(SolutionConfigurationPlatforms) = preSolution
		Debug|Any CPU = Debug|Any CPU
		Release|Any CPU = Release|Any CPU
	EndGlobalSection
	GlobalSection(ProjectConfigurationPlatforms) = postSolution
		{9056429E-6CED-463B-9EE0-66CC11ED54E5}.Debug|Any CPU.ActiveCfg = Debug|Any CPU
		{9056429E-6CED-463B-9EE0-66CC11ED54E5}.Debug|Any CPU.Build.0 = Debug|Any CPU
		{9056429E-6CED-463B-9EE0-66CC11ED54E5}.Release|Any CPU.ActiveCfg = Release|Any CPU
		{9056429E-6CED-463B-9EE0-66CC11ED54E5}.Release|Any CPU.Build.0 = Release|Any CPU
		{4A1F8332-D90D-42CB-8B6B-E398FAFDAEA1}.Debug|Any CPU.ActiveCfg = Debug|Any CPU
		{4A1F8332-D90D-42CB-8B6B-E398FAFDAEA1}.Debug|Any CPU.Build.0 = Debug|Any CPU
		{4A1F8332-D90D-42CB-8B6B-E398FAFDAEA1}.Release|Any CPU.ActiveCfg = Release|Any CPU
		{4A1F8332-D90D-42CB-8B6B-E398FAFDAEA1}.Release|Any CPU.Build.0 = Release|Any CPU
		{F69B6A35-F58E-4E2D-BFCD-9A634F3131B6}.Debug|Any CPU.ActiveCfg = Debug|Any CPU
		{F69B6A35-F58E-4E2D-BFCD-9A634F3131B6}.Debug|Any CPU.Build.0 = Debug|Any CPU
		{F69B6A35-F58E-4E2D-BFCD-9A634F3131B6}.Release|Any CPU.ActiveCfg = Release|Any CPU
		{F69B6A35-F58E-4E2D-BFCD-9A634F3131B6}.Release|Any CPU.Build.0 = Release|Any CPU
		{43C067B8-B326-49DF-A5F7-41B59453D485}.Debug|Any CPU.ActiveCfg = Debug|Any CPU
		{43C067B8-B326-49DF-A5F7-41B59453D485}.Debug|Any CPU.Build.0 = Debug|Any CPU
		{43C067B8-B326-49DF-A5F7-41B59453D485}.Release|Any CPU.ActiveCfg = Release|Any CPU
		{43C067B8-B326-49DF-A5F7-41B59453D485}.Release|Any CPU.Build.0 = Release|Any CPU
		{8A35305A-6A4F-48BF-B276-8D84A8255366}.Debug|Any CPU.ActiveCfg = Debug|Any CPU
		{8A35305A-6A4F-48BF-B276-8D84A8255366}.Debug|Any CPU.Build.0 = Debug|Any CPU
		{8A35305A-6A4F-48BF-B276-8D84A8255366}.Release|Any CPU.ActiveCfg = Release|Any CPU
		{8A35305A-6A4F-48BF-B276-8D84A8255366}.Release|Any CPU.Build.0 = Release|Any CPU
		{24929812-3D0A-4F03-BB64-C9AB7B7A371E}.Debug|Any CPU.ActiveCfg = Debug|Any CPU
		{24929812-3D0A-4F03-BB64-C9AB7B7A371E}.Debug|Any CPU.Build.0 = Debug|Any CPU
		{24929812-3D0A-4F03-BB64-C9AB7B7A371E}.Release|Any CPU.ActiveCfg = Release|Any CPU
		{24929812-3D0A-4F03-BB64-C9AB7B7A371E}.Release|Any CPU.Build.0 = Release|Any CPU
		{CEA47CD4-2CDE-4268-B3B7-699BBADF1FAC}.Debug|Any CPU.ActiveCfg = Debug|Any CPU
		{CEA47CD4-2CDE-4268-B3B7-699BBADF1FAC}.Debug|Any CPU.Build.0 = Debug|Any CPU
		{CEA47CD4-2CDE-4268-B3B7-699BBADF1FAC}.Release|Any CPU.ActiveCfg = Release|Any CPU
		{CEA47CD4-2CDE-4268-B3B7-699BBADF1FAC}.Release|Any CPU.Build.0 = Release|Any CPU
		{0501AA8B-E0E6-4D10-87C0-BDDF43962AAA}.Debug|Any CPU.ActiveCfg = Debug|Any CPU
		{0501AA8B-E0E6-4D10-87C0-BDDF43962AAA}.Debug|Any CPU.Build.0 = Debug|Any CPU
		{0501AA8B-E0E6-4D10-87C0-BDDF43962AAA}.Release|Any CPU.ActiveCfg = Release|Any CPU
		{0501AA8B-E0E6-4D10-87C0-BDDF43962AAA}.Release|Any CPU.Build.0 = Release|Any CPU
		{87EAF8E9-113C-4C2F-8DBD-B14EB64B4CF8}.Debug|Any CPU.ActiveCfg = Debug|Any CPU
		{87EAF8E9-113C-4C2F-8DBD-B14EB64B4CF8}.Debug|Any CPU.Build.0 = Debug|Any CPU
		{87EAF8E9-113C-4C2F-8DBD-B14EB64B4CF8}.Release|Any CPU.ActiveCfg = Release|Any CPU
		{87EAF8E9-113C-4C2F-8DBD-B14EB64B4CF8}.Release|Any CPU.Build.0 = Release|Any CPU
		{6BE4DC05-3459-42C0-A0FE-FA1717EAA0DC}.Debug|Any CPU.ActiveCfg = Debug|Any CPU
		{6BE4DC05-3459-42C0-A0FE-FA1717EAA0DC}.Debug|Any CPU.Build.0 = Debug|Any CPU
		{6BE4DC05-3459-42C0-A0FE-FA1717EAA0DC}.Release|Any CPU.ActiveCfg = Release|Any CPU
		{6BE4DC05-3459-42C0-A0FE-FA1717EAA0DC}.Release|Any CPU.Build.0 = Release|Any CPU
		{2CCA415D-FC64-4D06-80B3-3FF23B0EC108}.Debug|Any CPU.ActiveCfg = Debug|Any CPU
		{2CCA415D-FC64-4D06-80B3-3FF23B0EC108}.Debug|Any CPU.Build.0 = Debug|Any CPU
		{2CCA415D-FC64-4D06-80B3-3FF23B0EC108}.Release|Any CPU.ActiveCfg = Release|Any CPU
		{2CCA415D-FC64-4D06-80B3-3FF23B0EC108}.Release|Any CPU.Build.0 = Release|Any CPU
		{F7F158BD-2C39-47EB-92C9-3BB07D86D102}.Debug|Any CPU.ActiveCfg = Debug|Any CPU
		{F7F158BD-2C39-47EB-92C9-3BB07D86D102}.Debug|Any CPU.Build.0 = Debug|Any CPU
		{F7F158BD-2C39-47EB-92C9-3BB07D86D102}.Release|Any CPU.ActiveCfg = Release|Any CPU
		{F7F158BD-2C39-47EB-92C9-3BB07D86D102}.Release|Any CPU.Build.0 = Release|Any CPU
		{D8528BF5-5DD7-414C-ABD6-CB378CDE54B8}.Debug|Any CPU.ActiveCfg = Debug|Any CPU
		{D8528BF5-5DD7-414C-ABD6-CB378CDE54B8}.Debug|Any CPU.Build.0 = Debug|Any CPU
		{D8528BF5-5DD7-414C-ABD6-CB378CDE54B8}.Release|Any CPU.ActiveCfg = Release|Any CPU
		{D8528BF5-5DD7-414C-ABD6-CB378CDE54B8}.Release|Any CPU.Build.0 = Release|Any CPU
		{FD19CCA6-0FD2-4788-B3B0-FFBC7981E881}.Debug|Any CPU.ActiveCfg = Debug|Any CPU
		{FD19CCA6-0FD2-4788-B3B0-FFBC7981E881}.Debug|Any CPU.Build.0 = Debug|Any CPU
		{FD19CCA6-0FD2-4788-B3B0-FFBC7981E881}.Release|Any CPU.ActiveCfg = Release|Any CPU
		{FD19CCA6-0FD2-4788-B3B0-FFBC7981E881}.Release|Any CPU.Build.0 = Release|Any CPU
		{845D9888-6060-466D-A2F0-F7E0D4592752}.Debug|Any CPU.ActiveCfg = Debug|Any CPU
		{845D9888-6060-466D-A2F0-F7E0D4592752}.Debug|Any CPU.Build.0 = Debug|Any CPU
		{845D9888-6060-466D-A2F0-F7E0D4592752}.Release|Any CPU.ActiveCfg = Release|Any CPU
		{845D9888-6060-466D-A2F0-F7E0D4592752}.Release|Any CPU.Build.0 = Release|Any CPU
		{16EBEC85-320F-4ADB-B6A3-69E7D5BC5A26}.Debug|Any CPU.ActiveCfg = Debug|Any CPU
		{16EBEC85-320F-4ADB-B6A3-69E7D5BC5A26}.Debug|Any CPU.Build.0 = Debug|Any CPU
		{16EBEC85-320F-4ADB-B6A3-69E7D5BC5A26}.Release|Any CPU.ActiveCfg = Release|Any CPU
		{16EBEC85-320F-4ADB-B6A3-69E7D5BC5A26}.Release|Any CPU.Build.0 = Release|Any CPU
	EndGlobalSection
	GlobalSection(SolutionProperties) = preSolution
		HideSolutionNode = FALSE
	EndGlobalSection
EndGlobal
