
Microsoft Visual Studio Solution File, Format Version 12.00
# Visual Studio 2013
VisualStudioVersion = 12.0.21005.1
MinimumVisualStudioVersion = 10.0.40219.1
Project("{FAE04EC0-301F-11D3-BF4B-00C04F79EFBC}") = "COBISCorp.tCOBIS.BCLI.Resources.Installer", "COBISCorp.tCOBIS.BCLI.Resources.Installer\COBISCorp.tCOBIS.BCLI.Resources.Installer.csproj", "{8BD3D67E-81B6-4D2C-95EC-150AE6699ACA}"
	ProjectSection(ProjectDependencies) = postProject
		{C8430D71-5C0E-4708-97A6-B046A24EEF0C} = {C8430D71-5C0E-4708-97A6-B046A24EEF0C}
		{549196BD-913D-4EF2-82C8-290475912BB3} = {549196BD-913D-4EF2-82C8-290475912BB3}
	EndProjectSection
EndProject
Project("{F184B08F-C81C-45F6-A57F-5ABD9991F28F}") = "COBISCorp.tCOBIS.BCLI", "..\..\BuscarCliente\bclientesCEN\COBISCorp.tCOBIS.BCLI\COBISCorp.tCOBIS.BCLI.vbproj", "{549196BD-913D-4EF2-82C8-290475912BB3}"
EndProject
Project("{F184B08F-C81C-45F6-A57F-5ABD9991F28F}") = "COBISCorp.tCOBIS.BClientes", "..\..\BuscarCliente\bclientesCEN\COBISCorp.tCOBIS.BClientes\COBISCorp.tCOBIS.BClientes.vbproj", "{C8430D71-5C0E-4708-97A6-B046A24EEF0C}"
EndProject
Global
	GlobalSection(TeamFoundationVersionControl) = preSolution
		SccNumberOfProjects = 2
		SccEnterpriseProvider = {4CA58AB2-18FA-4F8D-95D4-32DDF27D184C}
		SccTeamFoundationServer = http://192.168.64.202:8080/tfs/defaultcollection
		SccProjectUniqueName0 = ..\\..\\BuscarCliente\\bclientesCEN\\COBISCorp.tCOBIS.BCLI\\COBISCorp.tCOBIS.BCLI.vbproj
		SccProjectName0 = ../../BuscarCliente/bclientesCEN/COBISCorp.tCOBIS.BCLI
		SccAuxPath0 = http://192.168.64.202:8080/tfs/defaultcollection
		SccLocalPath0 = ..\\..\\BuscarCliente\\bclientesCEN\\COBISCorp.tCOBIS.BCLI
		SccProvider0 = {4CA58AB2-18FA-4F8D-95D4-32DDF27D184C}
		SccProjectUniqueName1 = ..\\..\\BuscarCliente\\bclientesCEN\\COBISCorp.tCOBIS.BClientes\\COBISCorp.tCOBIS.BClientes.vbproj
		SccProjectName1 = ../../BuscarCliente/bclientesCEN/COBISCorp.tCOBIS.BClientes
		SccAuxPath1 = http://192.168.64.202:8080/tfs/defaultcollection
		SccLocalPath1 = ..\\..\\BuscarCliente\\bclientesCEN\\COBISCorp.tCOBIS.BClientes
		SccProvider1 = {4CA58AB2-18FA-4F8D-95D4-32DDF27D184C}
	EndGlobalSection
	GlobalSection(SolutionConfigurationPlatforms) = preSolution
		Debug|Any CPU = Debug|Any CPU
		Release|Any CPU = Release|Any CPU
	EndGlobalSection
	GlobalSection(ProjectConfigurationPlatforms) = postSolution
		{8BD3D67E-81B6-4D2C-95EC-150AE6699ACA}.Debug|Any CPU.ActiveCfg = Debug|Any CPU
		{8BD3D67E-81B6-4D2C-95EC-150AE6699ACA}.Debug|Any CPU.Build.0 = Debug|Any CPU
		{8BD3D67E-81B6-4D2C-95EC-150AE6699ACA}.Release|Any CPU.ActiveCfg = Release|Any CPU
		{8BD3D67E-81B6-4D2C-95EC-150AE6699ACA}.Release|Any CPU.Build.0 = Release|Any CPU
		{549196BD-913D-4EF2-82C8-290475912BB3}.Debug|Any CPU.ActiveCfg = Debug|Any CPU
		{549196BD-913D-4EF2-82C8-290475912BB3}.Debug|Any CPU.Build.0 = Debug|Any CPU
		{549196BD-913D-4EF2-82C8-290475912BB3}.Release|Any CPU.ActiveCfg = Release|Any CPU
		{549196BD-913D-4EF2-82C8-290475912BB3}.Release|Any CPU.Build.0 = Release|Any CPU
		{C8430D71-5C0E-4708-97A6-B046A24EEF0C}.Debug|Any CPU.ActiveCfg = Debug|Any CPU
		{C8430D71-5C0E-4708-97A6-B046A24EEF0C}.Debug|Any CPU.Build.0 = Debug|Any CPU
		{C8430D71-5C0E-4708-97A6-B046A24EEF0C}.Release|Any CPU.ActiveCfg = Release|Any CPU
		{C8430D71-5C0E-4708-97A6-B046A24EEF0C}.Release|Any CPU.Build.0 = Release|Any CPU
	EndGlobalSection
	GlobalSection(SolutionProperties) = preSolution
		HideSolutionNode = FALSE
	EndGlobalSection
EndGlobal
