
Microsoft Visual Studio Solution File, Format Version 12.00
# Visual Studio 2013
VisualStudioVersion = 12.0.21005.1
MinimumVisualStudioVersion = 10.0.40219.1
Project("{FAE04EC0-301F-11D3-BF4B-00C04F79EFBC}") = "COBISCorp.tCOBIS.CTA.Ctes.Chamber.Installer", "COBISCorp.tCOBIS.CTA.Ctes.Chamber.Installer\COBISCorp.tCOBIS.CTA.Ctes.Chamber.Installer.csproj", "{81586112-E2BE-4B97-977A-590F18676967}"
	ProjectSection(ProjectDependencies) = postProject
		{16EBEC85-320F-4ADB-B6A3-69E7D5BC5A26} = {16EBEC85-320F-4ADB-B6A3-69E7D5BC5A26}
	EndProjectSection
EndProject
Project("{F184B08F-C81C-45F6-A57F-5ABD9991F28F}") = "COBISCorp.tCOBIS.CTA.Ctes.Chamber", "..\..\FrontEndCEN\COBISCorp.tCOBIS.CTA.Ctes.Chamber\COBISCorp.tCOBIS.CTA.Ctes.Chamber.vbproj", "{16EBEC85-320F-4ADB-B6A3-69E7D5BC5A26}"
EndProject
Global
	GlobalSection(SolutionConfigurationPlatforms) = preSolution
		Debug|Any CPU = Debug|Any CPU
		Release|Any CPU = Release|Any CPU
	EndGlobalSection
	GlobalSection(ProjectConfigurationPlatforms) = postSolution
		{81586112-E2BE-4B97-977A-590F18676967}.Debug|Any CPU.ActiveCfg = Debug|Any CPU
		{81586112-E2BE-4B97-977A-590F18676967}.Debug|Any CPU.Build.0 = Debug|Any CPU
		{81586112-E2BE-4B97-977A-590F18676967}.Release|Any CPU.ActiveCfg = Release|Any CPU
		{81586112-E2BE-4B97-977A-590F18676967}.Release|Any CPU.Build.0 = Release|Any CPU
		{16EBEC85-320F-4ADB-B6A3-69E7D5BC5A26}.Debug|Any CPU.ActiveCfg = Debug|Any CPU
		{16EBEC85-320F-4ADB-B6A3-69E7D5BC5A26}.Debug|Any CPU.Build.0 = Debug|Any CPU
		{16EBEC85-320F-4ADB-B6A3-69E7D5BC5A26}.Release|Any CPU.ActiveCfg = Release|Any CPU
		{16EBEC85-320F-4ADB-B6A3-69E7D5BC5A26}.Release|Any CPU.Build.0 = Release|Any CPU
	EndGlobalSection
	GlobalSection(SolutionProperties) = preSolution
		HideSolutionNode = FALSE
	EndGlobalSection
EndGlobal
